
Microsoft Visual Studio Solution File, Format Version 12.00
# Visual Studio Version 17
VisualStudioVersion = 17.2.32526.322
MinimumVisualStudioVersion = 10.0.40219.1
Project("{FAE04EC0-301F-11D3-BF4B-00C04F79EFBC}") = "JQueryDemo", "JQueryDemo\JQueryDemo.csproj", "{23CCB824-C1F1-4293-9649-177A477923FE}"
EndProject
Global
	GlobalSection(SolutionConfigurationPlatforms) = preSolution
		Debug|Any CPU = Debug|Any CPU
		Release|Any CPU = Release|Any CPU
	EndGlobalSection
	GlobalSection(ProjectConfigurationPlatforms) = postSolution
		{23CCB824-C1F1-4293-9649-177A477923FE}.Debug|Any CPU.ActiveCfg = Debug|Any CPU
		{23CCB824-C1F1-4293-9649-177A477923FE}.Debug|Any CPU.Build.0 = Debug|Any CPU
		{23CCB824-C1F1-4293-9649-177A477923FE}.Release|Any CPU.ActiveCfg = Release|Any CPU
		{23CCB824-C1F1-4293-9649-177A477923FE}.Release|Any CPU.Build.0 = Release|Any CPU
	EndGlobalSection
	GlobalSection(SolutionProperties) = preSolution
		HideSolutionNode = FALSE
	EndGlobalSection
	GlobalSection(ExtensibilityGlobals) = postSolution
		SolutionGuid = {997B770D-A822-4AB9-9C99-DEB326B837D0}
	EndGlobalSection
EndGlobal
